
Microsoft Visual Studio Solution File, Format Version 12.00
# Visual Studio Version 17
VisualStudioVersion = 17.8.34316.72
MinimumVisualStudioVersion = 10.0.40219.1
Project("{9A19103F-16F7-4668-BE54-9A1E7A4F7556}") = "ProductOrders.API", "ProductOrders.API.csproj", "{0FD945FA-5F8F-490D-A58D-0424EB1F3E65}"
EndProject
Project("{9A19103F-16F7-4668-BE54-9A1E7A4F7556}") = "ProductOrders.Data", "..\ProductOrders.Data\ProductOrders.Data.csproj", "{0FC306D0-29FB-4985-8686-7C6DF59DEDD4}"
EndProject
Project("{FAE04EC0-301F-11D3-BF4B-00C04F79EFBC}") = "ProductOrders.BL", "..\ProductOrders.BL\ProductOrders.BL.csproj", "{CC99288D-8F6D-477B-8CD7-5613CFCE28A8}"
EndProject
Global
	GlobalSection(SolutionConfigurationPlatforms) = preSolution
		Debug|Any CPU = Debug|Any CPU
		Release|Any CPU = Release|Any CPU
	EndGlobalSection
	GlobalSection(ProjectConfigurationPlatforms) = postSolution
		{0FD945FA-5F8F-490D-A58D-0424EB1F3E65}.Debug|Any CPU.ActiveCfg = Debug|Any CPU
		{0FD945FA-5F8F-490D-A58D-0424EB1F3E65}.Debug|Any CPU.Build.0 = Debug|Any CPU
		{0FD945FA-5F8F-490D-A58D-0424EB1F3E65}.Release|Any CPU.ActiveCfg = Release|Any CPU
		{0FD945FA-5F8F-490D-A58D-0424EB1F3E65}.Release|Any CPU.Build.0 = Release|Any CPU
		{0FC306D0-29FB-4985-8686-7C6DF59DEDD4}.Debug|Any CPU.ActiveCfg = Debug|Any CPU
		{0FC306D0-29FB-4985-8686-7C6DF59DEDD4}.Debug|Any CPU.Build.0 = Debug|Any CPU
		{0FC306D0-29FB-4985-8686-7C6DF59DEDD4}.Release|Any CPU.ActiveCfg = Release|Any CPU
		{0FC306D0-29FB-4985-8686-7C6DF59DEDD4}.Release|Any CPU.Build.0 = Release|Any CPU
		{CC99288D-8F6D-477B-8CD7-5613CFCE28A8}.Debug|Any CPU.ActiveCfg = Debug|Any CPU
		{CC99288D-8F6D-477B-8CD7-5613CFCE28A8}.Debug|Any CPU.Build.0 = Debug|Any CPU
		{CC99288D-8F6D-477B-8CD7-5613CFCE28A8}.Release|Any CPU.ActiveCfg = Release|Any CPU
		{CC99288D-8F6D-477B-8CD7-5613CFCE28A8}.Release|Any CPU.Build.0 = Release|Any CPU
	EndGlobalSection
	GlobalSection(SolutionProperties) = preSolution
		HideSolutionNode = FALSE
	EndGlobalSection
	GlobalSection(ExtensibilityGlobals) = postSolution
		SolutionGuid = {46677DF7-2ECD-4812-8C05-FF804E3BD3DB}
	EndGlobalSection
EndGlobal
